<?xml version="1.0" encoding="utf-8"?>
<Project ToolsVersion="4.0" xmlns="http://schemas.microsoft.com/developer/msbuild/2003">
  <ItemGroup>
    <ClCompile Include="..\..\..\..\Desktop\VS_Studios\SDL_Tutorial\SDL_Tutorial\SDL_Tutorial\BoxCollider.cpp" />
    <ClCompile Include="..\..\..\..\Desktop\VS_Studios\SDL_Tutorial\SDL_Tutorial\SDL_Tutorial\CircleCollider.cpp" />
    <ClCompile Include="..\..\..\..\Desktop\VS_Studios\SDL_Tutorial\SDL_Tutorial\SDL_Tutorial\Collider.cpp" />
    <ClCompile Include="..\..\..\..\Desktop\VS_Studios\SDL_Tutorial\SDL_Tutorial\SDL_Tutorial\PhysEntity.cpp" />
    <ClCompile Include="..\..\..\..\Desktop\VS_Studios\SDL_Tutorial\SDL_Tutorial\SDL_Tutorial\PhysicsManager.cpp" />
    <ClCompile Include="AnimatedTexture.cpp" />
    <ClCompile Include="AssetManager.cpp" />
    <ClCompile Include="AudioManager.cpp" />
    <ClCompile Include="Ball.cpp" />
    <ClCompile Include="BoxCollider.cpp" />
    <ClCompile Include="Brick.cpp" />
    <ClCompile Include="CircleCollider.cpp" />
    <ClCompile Include="Collider.cpp" />
    <ClCompile Include="GameEntity.cpp" />
    <ClCompile Include="GameManager.cpp" />
    <ClCompile Include="Graphics.cpp" />
    <ClCompile Include="InputManager.cpp" />
    <ClCompile Include="Level.cpp" />
    <ClCompile Include="main.cpp" />
    <ClCompile Include="PhysEntity.cpp" />
    <ClCompile Include="PhysicsManager.cpp" />
    <ClCompile Include="Player.cpp" />
    <ClCompile Include="PlayScreen.cpp" />
    <ClCompile Include="PlaySideBar.cpp" />
    <ClCompile Include="Scoreboard.cpp" />
    <ClCompile Include="ScreenManager.cpp" />
    <ClCompile Include="StartScreen.cpp" />
    <ClCompile Include="Texture.cpp" />
    <ClCompile Include="Timer.cpp" />
  </ItemGroup>
  <ItemGroup>
    <ClInclude Include="..\..\..\..\Desktop\VS_Studios\SDL_Tutorial\SDL_Tutorial\SDL_Tutorial\BoxCollider.h" />
    <ClInclude Include="..\..\..\..\Desktop\VS_Studios\SDL_Tutorial\SDL_Tutorial\SDL_Tutorial\CircleCollider.h" />
    <ClInclude Include="..\..\..\..\Desktop\VS_Studios\SDL_Tutorial\SDL_Tutorial\SDL_Tutorial\Collider.h" />
    <ClInclude Include="..\..\..\..\Desktop\VS_Studios\SDL_Tutorial\SDL_Tutorial\SDL_Tutorial\PhysEntity.h" />
    <ClInclude Include="..\..\..\..\Desktop\VS_Studios\SDL_Tutorial\SDL_Tutorial\SDL_Tutorial\PhysicsHelper.h" />
    <ClInclude Include="..\..\..\..\Desktop\VS_Studios\SDL_Tutorial\SDL_Tutorial\SDL_Tutorial\PhysicsManager.h" />
    <ClInclude Include="..\..\..\Visual Studio 2022\SDL_Tutorial2.0\SDL_Tutorial\SDL_Tutorial\SDL_Tutorial\PhysicsHelper.h" />
    <ClInclude Include="AnimatedTexture.h" />
    <ClInclude Include="AssetManager.h" />
    <ClInclude Include="AudioManager.h" />
    <ClInclude Include="Ball.h" />
    <ClInclude Include="BoxCollider.h" />
    <ClInclude Include="Brick.h" />
    <ClInclude Include="CircleCollider.h" />
    <ClInclude Include="Collider.h" />
    <ClInclude Include="GameEntity.h" />
    <ClInclude Include="GameManager.h" />
    <ClInclude Include="Graphics.h" />
    <ClInclude Include="InputManager.h" />
    <ClInclude Include="Level.h" />
    <ClInclude Include="MathHelper.h" />
    <ClInclude Include="PhysEntity.h" />
    <ClInclude Include="PhysicsManager.h" />
    <ClInclude Include="Player.h" />
    <ClInclude Include="PlayScreen.h" />
    <ClInclude Include="PlaySideBar.h" />
    <ClInclude Include="Scoreboard.h" />
    <ClInclude Include="ScreenManager.h" />
    <ClInclude Include="StartScreen.h" />
    <ClInclude Include="Texture.h" />
    <ClInclude Include="Timer.h" />
  </ItemGroup>
</Project>